<Project xmlns="http://schemas.microsoft.com/developer/msbuild/2003">
    <PropertyGroup>
        <ProjectGuid>{5F4F2F64-0989-4DED-B79C-C0818EDF036F}</ProjectGuid>
        <ProjectVersion>15.4</ProjectVersion>
        <FrameworkType>VCL</FrameworkType>
        <MainSource>template_test.dpr</MainSource>
        <Base>True</Base>
        <Config Condition="'$(Config)'==''">Debug</Config>
        <Platform Condition="'$(Platform)'==''">Win32</Platform>
        <TargetedPlatforms>1</TargetedPlatforms>
        <AppType>Application</AppType>
    </PropertyGroup>
    <PropertyGroup Condition="'$(Config)'=='Base' or '$(Base)'!=''">
        <Base>true</Base>
    </PropertyGroup>
    <PropertyGroup Condition="('$(Platform)'=='Win32' and '$(Base)'=='true') or '$(Base_Win32)'!=''">
        <Base_Win32>true</Base_Win32>
        <CfgParent>Base</CfgParent>
        <Base>true</Base>
    </PropertyGroup>
    <PropertyGroup Condition="'$(Config)'=='Debug' or '$(Cfg_1)'!=''">
        <Cfg_1>true</Cfg_1>
        <CfgParent>Base</CfgParent>
        <Base>true</Base>
    </PropertyGroup>
    <PropertyGroup Condition="('$(Platform)'=='Win32' and '$(Cfg_1)'=='true') or '$(Cfg_1_Win32)'!=''">
        <Cfg_1_Win32>true</Cfg_1_Win32>
        <CfgParent>Cfg_1</CfgParent>
        <Cfg_1>true</Cfg_1>
        <Base>true</Base>
    </PropertyGroup>
    <PropertyGroup Condition="'$(Config)'=='Release' or '$(Cfg_2)'!=''">
        <Cfg_2>true</Cfg_2>
        <CfgParent>Base</CfgParent>
        <Base>true</Base>
    </PropertyGroup>
    <PropertyGroup Condition="'$(Base)'!=''">
        <DCC_UnitSearchPath>./../src;$(DCC_UnitSearchPath)</DCC_UnitSearchPath>
        <Manifest_File>$(BDS)\bin\default_app.manifest</Manifest_File>
        <SanitizedProjectName>template_test</SanitizedProjectName>
        <Icon_MainIcon>$(BDS)\bin\delphi_PROJECTICON.ico</Icon_MainIcon>
        <DCC_Namespace>System;Xml;Data;Datasnap;Web;Soap;Vcl;Vcl.Imaging;Vcl.Touch;Vcl.Samples;Vcl.Shell;$(DCC_Namespace)</DCC_Namespace>
        <VerInfo_Locale>1045</VerInfo_Locale>
        <VerInfo_Keys>CompanyName=;FileDescription=;FileVersion=1.0.0.0;InternalName=;LegalCopyright=;LegalTrademarks=;OriginalFilename=;ProductName=;ProductVersion=1.0.0.0;Comments=</VerInfo_Keys>
        <DCC_DcuOutput>.\$(Platform)\$(Config)</DCC_DcuOutput>
        <DCC_ExeOutput>.\$(Platform)\$(Config)</DCC_ExeOutput>
        <DCC_E>false</DCC_E>
        <DCC_N>false</DCC_N>
        <DCC_S>false</DCC_S>
        <DCC_F>false</DCC_F>
        <DCC_K>false</DCC_K>
    </PropertyGroup>
    <PropertyGroup Condition="'$(Base_Win32)'!=''">
        <Manifest_File>$(BDS)\bin\default_app.manifest</Manifest_File>
        <DCC_UsePackage>frxe20;frxADO20;cxTreeListRS20;JvBDE;JvGlobus;cxGridRS20;dxFireDACServerModeRS20;JvManagedThreads;JvMM;FireDACSqliteDriver;FireDACDSDriver;FrameViewerXE6;DBXSqliteDriver;AbbreviaVCL;ZComponent;FireDACPgDriver;cxPageControlRS20;fmx;JvDlgs;IndySystem;JvCrypt;tethering;inetdbbde;DBXInterBaseDriver;DataSnapClient;DataSnapServer;DataSnapCommon;dxmdsRS20;JvNet;DataSnapProviderClient;JvDotNetCtrls;DBXSybaseASEDriver;DbxCommonDriver;dxLayoutControlRS20;vclimg;dbxcds;DatasnapConnectorsFreePascal;MetropolisUILiveTile;JvXPCtrls;vcldb;vcldsnap;fmxFireDAC;DBXDb2Driver;DBXOracleDriver;CustomIPTransport;JvCore;vclribbon;cxExportRS20;dsnap;IndyIPServer;dxServerModeRS20;fmxase;ojVirtualTreesR;vcl;IndyCore;dxComnRS20;DBXMSSQLDriver;IndyIPCommon;CloudService;FireDACIBDriver;dxDBXServerModeRS20;DataSnapFireDAC;FireDACDBXDriver;JvAppFrm;soapserver;JvDB;dxHttpIndyRequestRS20;JvRuntimeDesign;inetdbxpress;dxADOServerModeRS20;dsnapxml;FireDACInfxDriver;FireDACDb2Driver;dxSpreadSheetRS20;JclDeveloperTools;JvDocking;adortl;frxDB20;JvWizards;FireDACASADriver;JvHMI;bindcompfmx;frx20;fsADO20;vcldbx;JvBands;FireDACODBCDriver;RESTBackendComponents;ZDbc;dxSkinscxPCPainterRS20;rtl;dbrtl;DbxClientDriver;FireDACCommon;bindcomp;inetdb;ZPlain;JvPluginSystem;JclContainers;DBXOdbcDriver;JvCmp;vclFireDAC;frxDBX20;JvSystem;xmlrtl;DataSnapNativeClient;svnui;JvTimeFramework;JvControls;IndyProtocols;DBXMySQLDriver;FireDACCommonDriver;bindengine;vclactnband;bindcompdbx;soaprtl;DragDropDXE6;dxGDIPlusRS20;bindcompvcl;JvStdCtrls;JvCustom;Jcl;vclie;JvJans;JvPageComps;cxVerticalGridRS20;JvPrintPreview;FireDACADSDriver;vcltouch;ZCore;cxEditorsRS20;VclSmp;FireDACMSSQLDriver;FireDAC;DBXInformixDriver;VCLRESTComponents;dxSkinsCoreRS20;DataSnapConnectors;DataSnapServerMidas;dsnapcon;DBXFirebirdDriver;fsDB20;inet;cxLibraryRS20;fmxobj;cxDataRS20;JclVcl;JvPascalInterpreter;FireDACMySQLDriver;soapmidas;vclx;ZParseSql;fs20;dxBarRS20;svn;DBXSybaseASADriver;dxCoreRS20;FireDACOracleDriver;fmxdae;RESTComponents;bdertl;dxThemeRS20;FireDACMSAccDriver;dbexpress;DataSnapIndy10ServerTransport;IndyIPClient;$(DCC_UsePackage)</DCC_UsePackage>
        <DCC_Namespace>Winapi;System.Win;Data.Win;Datasnap.Win;Web.Win;Soap.Win;Xml.Win;Bde;$(DCC_Namespace)</DCC_Namespace>
        <VerInfo_Locale>1033</VerInfo_Locale>
        <VerInfo_IncludeVerInfo>true</VerInfo_IncludeVerInfo>
        <VerInfo_Keys>CompanyName=;FileDescription=;FileVersion=1.0.0.0;InternalName=;LegalCopyright=;LegalTrademarks=;OriginalFilename=;ProductName=;ProductVersion=1.0.0.0;Comments=</VerInfo_Keys>
    </PropertyGroup>
    <PropertyGroup Condition="'$(Cfg_1)'!=''">
        <DCC_Define>DEBUG;$(DCC_Define)</DCC_Define>
        <DCC_DebugDCUs>true</DCC_DebugDCUs>
        <DCC_Optimize>false</DCC_Optimize>
        <DCC_GenerateStackFrames>true</DCC_GenerateStackFrames>
        <DCC_DebugInfoInExe>true</DCC_DebugInfoInExe>
        <DCC_RemoteDebug>true</DCC_RemoteDebug>
    </PropertyGroup>
    <PropertyGroup Condition="'$(Cfg_1_Win32)'!=''">
        <VerInfo_IncludeVerInfo>true</VerInfo_IncludeVerInfo>
        <VerInfo_Locale>1033</VerInfo_Locale>
        <DCC_RemoteDebug>false</DCC_RemoteDebug>
    </PropertyGroup>
    <PropertyGroup Condition="'$(Cfg_2)'!=''">
        <DCC_LocalDebugSymbols>false</DCC_LocalDebugSymbols>
        <DCC_Define>RELEASE;$(DCC_Define)</DCC_Define>
        <DCC_SymbolReferenceInfo>0</DCC_SymbolReferenceInfo>
        <DCC_DebugInformation>0</DCC_DebugInformation>
    </PropertyGroup>
    <ItemGroup>
        <DelphiCompile Include="$(MainSource)">
            <MainSource>MainSource</MainSource>
        </DelphiCompile>
        <DCCReference Include="Unit1.pas">
            <Form>Form4</Form>
            <FormType>dfm</FormType>
        </DCCReference>
        <BuildConfiguration Include="Release">
            <Key>Cfg_2</Key>
            <CfgParent>Base</CfgParent>
        </BuildConfiguration>
        <BuildConfiguration Include="Base">
            <Key>Base</Key>
        </BuildConfiguration>
        <BuildConfiguration Include="Debug">
            <Key>Cfg_1</Key>
            <CfgParent>Base</CfgParent>
        </BuildConfiguration>
    </ItemGroup>
    <ProjectExtensions>
        <Borland.Personality>Delphi.Personality.12</Borland.Personality>
        <Borland.ProjectType/>
        <BorlandProject>
            <Delphi.Personality>
                <Source>
                    <Source Name="MainSource">template_test.dpr</Source>
                </Source>
                <Excluded_Packages>
                    <Excluded_Packages Name="C:\Users\gta\Documents\Embarcadero\Studio\14.0\Bpl\dxLayoutControlRS20.bpl">ExpressLayout Control by Developer Express Inc.</Excluded_Packages>
                    <Excluded_Packages Name="$(BDSBIN)\dcloffice2k200.bpl">Microsoft Office 2000 Sample Automation Server Wrapper Components</Excluded_Packages>
                    <Excluded_Packages Name="$(BDSBIN)\dclofficexp200.bpl">Microsoft Office XP Sample Automation Server Wrapper Components</Excluded_Packages>
                    <Excluded_Packages Name="C:\Program Files\FastReport 5 VCL Proffessional\LibD20\dclfrxTee20.bpl">(untitled)</Excluded_Packages>
                    <Excluded_Packages Name="C:\Program Files\FastReport 5 VCL Proffessional\LibD20\dclfsTee20.bpl">FastScript 1.9 Tee Components</Excluded_Packages>
                    <Excluded_Packages Name="C:\Program Files\FastReport 5 VCL Proffessional\LibD20\dclfrxIBX20.bpl">FastReport 5.0 IBX Components</Excluded_Packages>
                    <Excluded_Packages Name="C:\Program Files\FastReport 5 VCL Proffessional\LibD20\dclfsIBX20.bpl">FastScript 1.9 IBX Components</Excluded_Packages>
                </Excluded_Packages>
            </Delphi.Personality>
            <Deployment/>
            <Platforms>
                <Platform value="Win32">True</Platform>
            </Platforms>
        </BorlandProject>
        <ProjectFileVersion>12</ProjectFileVersion>
    </ProjectExtensions>
    <Import Project="$(BDS)\Bin\CodeGear.Delphi.Targets" Condition="Exists('$(BDS)\Bin\CodeGear.Delphi.Targets')"/>
    <Import Project="$(APPDATA)\Embarcadero\$(BDSAPPDATABASEDIR)\$(PRODUCTVERSION)\UserTools.proj" Condition="Exists('$(APPDATA)\Embarcadero\$(BDSAPPDATABASEDIR)\$(PRODUCTVERSION)\UserTools.proj')"/>
</Project>
